// !$*UTF8*$!
{
	archiveVersion = 1;
	classes = {
	};
	objectVersion = 45;
	objects = {

/* Begin PBXBuildFile section */
		F03D879B1084363500CD53F4 /* cmockery.framework in Frameworks */ = {isa = PBXBuildFile; fileRef = F03D879A1084363500CD53F4 /* cmockery.framework */; };
		F03D879E1084364500CD53F4 /* cmockery.framework in Copy Frameworks */ = {isa = PBXBuildFile; fileRef = F03D879A1084363500CD53F4 /* cmockery.framework */; };
		F0D1F60E108417AD0069A00B /* version_sorter.c in Sources */ = {isa = PBXBuildFile; fileRef = F0D1F60C108417AD0069A00B /* version_sorter.c */; };
		F0D1F60F108417AD0069A00B /* version_sorter.h in Headers */ = {isa = PBXBuildFile; fileRef = F0D1F60D108417AD0069A00B /* version_sorter.h */; };
		F0D1F612108417BA0069A00B /* main.c in Sources */ = {isa = PBXBuildFile; fileRef = F0D1F611108417BA0069A00B /* main.c */; };
		F0D1F61D108418050069A00B /* Ruby.framework in Frameworks */ = {isa = PBXBuildFile; fileRef = F0D1F61C108418050069A00B /* Ruby.framework */; };
		F0D4D6B91084224600BF287E /* rb_version_sorter.c in Sources */ = {isa = PBXBuildFile; fileRef = F0D4D6B81084224600BF287E /* rb_version_sorter.c */; };
/* End PBXBuildFile section */

/* Begin PBXCopyFilesBuildPhase section */
		8DD76FAF0486AB0100D96B5E /* CopyFiles */ = {
			isa = PBXCopyFilesBuildPhase;
			buildActionMask = 8;
			dstPath = /usr/share/man/man1/;
			dstSubfolderSpec = 0;
			files = (
			);
			runOnlyForDeploymentPostprocessing = 1;
		};
		F03D876E108435B500CD53F4 /* Copy Frameworks */ = {
			isa = PBXCopyFilesBuildPhase;
			buildActionMask = 2147483647;
			dstPath = "";
			dstSubfolderSpec = 10;
			files = (
				F03D879E1084364500CD53F4 /* cmockery.framework in Copy Frameworks */,
			);
			name = "Copy Frameworks";
			runOnlyForDeploymentPostprocessing = 0;
		};
/* End PBXCopyFilesBuildPhase section */

/* Begin PBXFileReference section */
		8DD76FB20486AB0100D96B5E /* version_sorter */ = {isa = PBXFileReference; explicitFileType = "compiled.mach-o.executable"; includeInIndex = 0; path = version_sorter; sourceTree = BUILT_PRODUCTS_DIR; };
		F03D879A1084363500CD53F4 /* cmockery.framework */ = {isa = PBXFileReference; lastKnownFileType = wrapper.framework; name = cmockery.framework; path = frameworks/cmockery.framework; sourceTree = "<group>"; };
		F0D1F60C108417AD0069A00B /* version_sorter.c */ = {isa = PBXFileReference; fileEncoding = 4; lastKnownFileType = sourcecode.c.c; path = version_sorter.c; sourceTree = "<group>"; };
		F0D1F60D108417AD0069A00B /* version_sorter.h */ = {isa = PBXFileReference; fileEncoding = 4; lastKnownFileType = sourcecode.c.h; path = version_sorter.h; sourceTree = "<group>"; };
		F0D1F611108417BA0069A00B /* main.c */ = {isa = PBXFileReference; fileEncoding = 4; lastKnownFileType = sourcecode.c.c; name = main.c; path = test/main.c; sourceTree = "<group>"; };
		F0D1F61C108418050069A00B /* Ruby.framework */ = {isa = PBXFileReference; lastKnownFileType = wrapper.framework; name = Ruby.framework; path = /System/Library/Frameworks/Ruby.framework; sourceTree = "<absolute>"; };
		F0D4D6B81084224600BF287E /* rb_version_sorter.c */ = {isa = PBXFileReference; fileEncoding = 4; lastKnownFileType = sourcecode.c.c; path = rb_version_sorter.c; sourceTree = "<group>"; };
/* End PBXFileReference section */

/* Begin PBXFrameworksBuildPhase section */
		8DD76FAD0486AB0100D96B5E /* Frameworks */ = {
			isa = PBXFrameworksBuildPhase;
			buildActionMask = 2147483647;
			files = (
				F0D1F61D108418050069A00B /* Ruby.framework in Frameworks */,
				F03D879B1084363500CD53F4 /* cmockery.framework in Frameworks */,
			);
			runOnlyForDeploymentPostprocessing = 0;
		};
/* End PBXFrameworksBuildPhase section */

/* Begin PBXGroup section */
		08FB7794FE84155DC02AAC07 /* version_sorter */ = {
			isa = PBXGroup;
			children = (
				08FB7795FE84155DC02AAC07 /* Source */,
				F0D1F61B108417F90069A00B /* Frameworks */,
				1AB674ADFE9D54B511CA2CBB /* Products */,
			);
			name = version_sorter;
			sourceTree = "<group>";
		};
		08FB7795FE84155DC02AAC07 /* Source */ = {
			isa = PBXGroup;
			children = (
				F0D1F611108417BA0069A00B /* main.c */,
				F0D1F60C108417AD0069A00B /* version_sorter.c */,
				F0D1F60D108417AD0069A00B /* version_sorter.h */,
				F0D4D6B81084224600BF287E /* rb_version_sorter.c */,
			);
			name = Source;
			sourceTree = "<group>";
		};
		1AB674ADFE9D54B511CA2CBB /* Products */ = {
			isa = PBXGroup;
			children = (
				8DD76FB20486AB0100D96B5E /* version_sorter */,
			);
			name = Products;
			sourceTree = "<group>";
		};
		F0D1F61B108417F90069A00B /* Frameworks */ = {
			isa = PBXGroup;
			children = (
				F0D1F61C108418050069A00B /* Ruby.framework */,
				F03D879A1084363500CD53F4 /* cmockery.framework */,
			);
			name = Frameworks;
			sourceTree = "<group>";
		};
/* End PBXGroup section */

/* Begin PBXHeadersBuildPhase section */
		F0D1F610108417AD0069A00B /* Headers */ = {
			isa = PBXHeadersBuildPhase;
			buildActionMask = 2147483647;
			files = (
				F0D1F60F108417AD0069A00B /* version_sorter.h in Headers */,
			);
			runOnlyForDeploymentPostprocessing = 0;
		};
/* End PBXHeadersBuildPhase section */

/* Begin PBXNativeTarget section */
		8DD76FA90486AB0100D96B5E /* version_sorter */ = {
			isa = PBXNativeTarget;
			buildConfigurationList = 1DEB928508733DD80010E9CD /* Build configuration list for PBXNativeTarget "version_sorter" */;
			buildPhases = (
				8DD76FAB0486AB0100D96B5E /* Sources */,
				8DD76FAD0486AB0100D96B5E /* Frameworks */,
				8DD76FAF0486AB0100D96B5E /* CopyFiles */,
				F0D1F610108417AD0069A00B /* Headers */,
				F03D876E108435B500CD53F4 /* Copy Frameworks */,
			);
			buildRules = (
			);
			dependencies = (
			);
			name = version_sorter;
			productInstallPath = "$(HOME)/bin";
			productName = version_sorter;
			productReference = 8DD76FB20486AB0100D96B5E /* version_sorter */;
			productType = "com.apple.product-type.tool";
		};
/* End PBXNativeTarget section */

/* Begin PBXProject section */
		08FB7793FE84155DC02AAC07 /* Project object */ = {
			isa = PBXProject;
			buildConfigurationList = 1DEB928908733DD80010E9CD /* Build configuration list for PBXProject "version_sorter" */;
			compatibilityVersion = "Xcode 3.1";
			hasScannedForEncodings = 1;
			mainGroup = 08FB7794FE84155DC02AAC07 /* version_sorter */;
			projectDirPath = "";
			projectRoot = "";
			targets = (
				8DD76FA90486AB0100D96B5E /* version_sorter */,
			);
		};
/* End PBXProject section */

/* Begin PBXSourcesBuildPhase section */
		8DD76FAB0486AB0100D96B5E /* Sources */ = {
			isa = PBXSourcesBuildPhase;
			buildActionMask = 2147483647;
			files = (
				F0D1F60E108417AD0069A00B /* version_sorter.c in Sources */,
				F0D1F612108417BA0069A00B /* main.c in Sources */,
				F0D4D6B91084224600BF287E /* rb_version_sorter.c in Sources */,
			);
			runOnlyForDeploymentPostprocessing = 0;
		};
/* End PBXSourcesBuildPhase section */

/* Begin XCBuildConfiguration section */
		1DEB928608733DD80010E9CD /* Debug */ = {
			isa = XCBuildConfiguration;
			buildSettings = {
				ALWAYS_SEARCH_USER_PATHS = NO;
				COPY_PHASE_STRIP = NO;
				FRAMEWORK_SEARCH_PATHS = (
					"$(inherited)",
					"\"$(SRCROOT)/frameworks\"",
					"\"$(SRCROOT)/Frameworks\"",
				);
				GCC_DYNAMIC_NO_PIC = NO;
				GCC_ENABLE_FIX_AND_CONTINUE = YES;
				GCC_MODEL_TUNING = G5;
				GCC_OPTIMIZATION_LEVEL = 0;
				INSTALL_PATH = /usr/local/bin;
				LIBRARY_SEARCH_PATHS = (
					"$(inherited)",
					/opt/local/lib,
				);
				PRODUCT_NAME = version_sorter;
			};
			name = Debug;
		};
		1DEB928708733DD80010E9CD /* Release */ = {
			isa = XCBuildConfiguration;
			buildSettings = {
				ALWAYS_SEARCH_USER_PATHS = NO;
				DEBUG_INFORMATION_FORMAT = "dwarf-with-dsym";
				FRAMEWORK_SEARCH_PATHS = (
					"$(inherited)",
					"\"$(SRCROOT)/frameworks\"",
					"\"$(SRCROOT)/Frameworks\"",
				);
				GCC_MODEL_TUNING = G5;
				INSTALL_PATH = /usr/local/bin;
				LIBRARY_SEARCH_PATHS = (
					"$(inherited)",
					/opt/local/lib,
				);
				PRODUCT_NAME = version_sorter;
			};
			name = Release;
		};
		1DEB928A08733DD80010E9CD /* Debug */ = {
			isa = XCBuildConfiguration;
			buildSettings = {
				ARCHS = "$(ARCHS_STANDARD_32_64_BIT)";
				GCC_C_LANGUAGE_STANDARD = gnu99;
				GCC_OPTIMIZATION_LEVEL = 0;
				GCC_PREPROCESSOR_DEFINITIONS = (
					"XCODE=1",
					"UNIT_TESTING=1",
				);
				GCC_WARN_ABOUT_RETURN_TYPE = YES;
				GCC_WARN_UNUSED_VARIABLE = YES;
				ONLY_ACTIVE_ARCH = YES;
				PREBINDING = NO;
				SDKROOT = macosx10.6;
			};
			name = Debug;
		};
		1DEB928B08733DD80010E9CD /* Release */ = {
			isa = XCBuildConfiguration;
			buildSettings = {
				ARCHS = "$(ARCHS_STANDARD_32_64_BIT)";
				GCC_C_LANGUAGE_STANDARD = gnu99;
				GCC_PREPROCESSOR_DEFINITIONS = (
					"XCODE=1",
					"UNIT_TESTING=1",
				);
				GCC_WARN_ABOUT_RETURN_TYPE = YES;
				GCC_WARN_UNUSED_VARIABLE = YES;
				PREBINDING = NO;
				SDKROOT = macosx10.6;
			};
			name = Release;
		};
/* End XCBuildConfiguration section */

/* Begin XCConfigurationList section */
		1DEB928508733DD80010E9CD /* Build configuration list for PBXNativeTarget "version_sorter" */ = {
			isa = XCConfigurationList;
			buildConfigurations = (
				1DEB928608733DD80010E9CD /* Debug */,
				1DEB928708733DD80010E9CD /* Release */,
			);
			defaultConfigurationIsVisible = 0;
			defaultConfigurationName = Release;
		};
		1DEB928908733DD80010E9CD /* Build configuration list for PBXProject "version_sorter" */ = {
			isa = XCConfigurationList;
			buildConfigurations = (
				1DEB928A08733DD80010E9CD /* Debug */,
				1DEB928B08733DD80010E9CD /* Release */,
			);
			defaultConfigurationIsVisible = 0;
			defaultConfigurationName = Release;
		};
/* End XCConfigurationList section */
	};
	rootObject = 08FB7793FE84155DC02AAC07 /* Project object */;
}
